// !$*UTF8*$!
{
	archiveVersion = 1;
	classes = {
	};
	objectVersion = 46;
	objects = {

/* Begin PBXAggregateTarget section */
		DBD2271F47C63A84C5A31D46 /* c-juce-dsp - All */ = {
			isa = PBXAggregateTarget;
			buildConfigurationList = 376F3588436277F3343734EE;
			buildPhases = (
			);
			dependencies = (
				AEA0D6CAA8E0ACFDD7D5820D,
				E1AB7D19AD1F66B01D18EFD2,
			);
			name = "c-juce-dsp - All";
			productName = "c-juce-dsp";
		};
/* End PBXAggregateTarget section */

/* Begin PBXBuildFile section */
		02FE622B3E91408BA02DDDEE /* include_juce_gui_extra.mm */ = {isa = PBXBuildFile; fileRef = FB312C9CFF927E077A6C86C7; };
		034B501B4FBFF1C6E594ED62 /* include_juce_audio_formats.mm */ = {isa = PBXBuildFile; fileRef = C0CFC95207397D636FC4BAE6; };
		060FE562BB4851AED693A1A1 /* PluginEditor.cpp */ = {isa = PBXBuildFile; fileRef = 77B7572765945DE96C308F7E; };
		0A751FA299A353635ACDC553 /* DiscRecording.framework */ = {isa = PBXBuildFile; fileRef = EAA4BCACAE767E7E4B5B7D0E; };
		0D6CF555789772C6FF4CDB6D /* include_juce_graphics_Harfbuzz.cpp */ = {isa = PBXBuildFile; fileRef = A87925D058A4ABF021F96734; };
		207D9649AF725DF8BDBFC667 /* include_juce_core_CompilationTime.cpp */ = {isa = PBXBuildFile; fileRef = 4567024812494ECBF9D2B7B1; };
		221C97CFA4AF42781DCAAC8F /* include_juce_audio_plugin_client_AU_1.mm */ = {isa = PBXBuildFile; fileRef = D663CB8D25C5525B9DAA0275; };
		2997AB89FF2FDA592E1EC56A /* QuartzCore.framework */ = {isa = PBXBuildFile; fileRef = 79C0F0DFE750D6834CD0E4E2; };
		2FE9724CD98388040DE86825 /* AudioToolbox.framework */ = {isa = PBXBuildFile; fileRef = 66D19FD4512A5A7D7A1D5D8E; };
		473C3D66AB9F6F8516A96A71 /* CoreAudio.framework */ = {isa = PBXBuildFile; fileRef = 876FFFBFE4091B0C16325112; };
		4A5E1015C961A97F7FF9D86A /* include_juce_data_structures.mm */ = {isa = PBXBuildFile; fileRef = AFA302AACA24B0F1C8F6FFDC; };
		4EB5B685F1ABD3AEA7DCD73B /* include_juce_audio_devices.mm */ = {isa = PBXBuildFile; fileRef = B8B02C9A707B5505E49119FC; };
		4F033DEE687C914291563893 /* include_juce_core.mm */ = {isa = PBXBuildFile; fileRef = 834C2FE34541942D78E4286E; };
		50E160017C2343A868DA6D96 /* WebKit.framework */ = {isa = PBXBuildFile; fileRef = 5DABC7D85DDB843475EEE756; };
		6715E4CB9098B6EF88119435 /* Accelerate.framework */ = {isa = PBXBuildFile; fileRef = 5AB29A307DD961852016612A; };
		6D95278C23278DE341B23381 /* include_juce_audio_plugin_client_ARA.cpp */ = {isa = PBXBuildFile; fileRef = B24F77A3E8F4DA0951BD4D47; };
		77730E09AC2FE048DC70D94D /* include_juce_audio_processors_lv2_libs.cpp */ = {isa = PBXBuildFile; fileRef = E2FF190D5DDA17E5CA722B34; };
		7BCDE6FB572DDBA639ABFB09 /* include_juce_events.mm */ = {isa = PBXBuildFile; fileRef = D210465381C319545D661B34; };
		7E77F9E6DBCC60A8C193470A /* include_juce_audio_plugin_client_AU_2.mm */ = {isa = PBXBuildFile; fileRef = EF6F61A5EDF1B87671887099; };
		808FC457F5C42280107AA650 /* RecentFilesMenuTemplate.nib */ = {isa = PBXBuildFile; fileRef = F2C0E472063F2E4BF7BA4BEB; };
		83CEB75ECC5B10323B2B44F6 /* include_juce_graphics_Sheenbidi.c */ = {isa = PBXBuildFile; fileRef = 78CA7121C1A06E83E96CC235; };
		8DBBDA6E51B11D7B738EA174 /* IOKit.framework */ = {isa = PBXBuildFile; fileRef = 9DB5ADD5B4016C9D3B0D1FF5; };
		91EC127A0497B7A3E65D781F /* Foundation.framework */ = {isa = PBXBuildFile; fileRef = 23001FC8E7D3C95FAA95A3B8; };
		A758179E80353EB74740A1B5 /* Shared Code */ = {isa = PBXBuildFile; fileRef = 2AF0205A48CE33016733A6B9; };
		ADDDEF6D99BC5C79449E650F /* include_juce_gui_basics.mm */ = {isa = PBXBuildFile; fileRef = 2B96DDBB81D6CAE3D2D60C48; };
		B2BB7F5CC61F906B6168A46D /* include_juce_graphics.mm */ = {isa = PBXBuildFile; fileRef = 48880B38FE767488CE5C8DE2; };
		BB9CD4566C1D45B3ED964396 /* Metal.framework */ = {isa = PBXBuildFile; fileRef = C2B9F9CA2D668E6548DBD522; settings = { ATTRIBUTES = (Weak, ); }; };
		BD56DC1BAAA1543FFF736AB6 /* include_juce_audio_basics.mm */ = {isa = PBXBuildFile; fileRef = 1C681911F909B42210D086C7; };
		C10DD146155286B8D76C8F75 /* include_juce_audio_utils.mm */ = {isa = PBXBuildFile; fileRef = 3F64D68085026E8C3CFE0712; };
		C2C83328CFE5CD2BA9A901EA /* CoreMIDI.framework */ = {isa = PBXBuildFile; fileRef = 7961E7703FD1F823BCF0D940; };
		C3BBEF29C92261260A47B6B6 /* CoreAudioKit.framework */ = {isa = PBXBuildFile; fileRef = 707ED9D48903A7AA5C19703A; };
		C7695AB9420B2410B763E435 /* PluginProcessor.cpp */ = {isa = PBXBuildFile; fileRef = 3610CA893ADDE4BB943ADE36; };
		C7EE5BE5C7FB9FCCC60097E7 /* include_juce_audio_processors.mm */ = {isa = PBXBuildFile; fileRef = 33CF08BB914F673B564FE728; };
		CE664789068FA56FA87751A9 /* Security.framework */ = {isa = PBXBuildFile; fileRef = 993B5CCC1CE8835000AD657C; };
		CED466EE3115CC5FC5757C9A /* Cocoa.framework */ = {isa = PBXBuildFile; fileRef = A32F727A0445704063C27319; };
		D2C3FF518252C890A28B7C2E /* AudioUnit.framework */ = {isa = PBXBuildFile; fileRef = 17F92BFC1C21CCBE8DA4BD43; };
		DAE1D51947FFFC51AC58817F /* AU */ = {isa = PBXBuildFile; fileRef = D192C88762ED6A9C6F0FC5CB; };
		DFEA87E35B51624CFC5C09B1 /* include_juce_audio_processors_ara.cpp */ = {isa = PBXBuildFile; fileRef = 804A33C41EAC414732E4CCC5; };
		FCF33123796D749DE929D324 /* MetalKit.framework */ = {isa = PBXBuildFile; fileRef = 1A8756D4AB514C03D6FF540A; settings = { ATTRIBUTES = (Weak, ); }; };
/* End PBXBuildFile section */

/* Begin PBXFileReference section */
		0AEDB4E03E8354CDCE1AFE4D /* JuceHeader.h */ /* JuceHeader.h */ = {isa = PBXFileReference; lastKnownFileType = sourcecode.c.h; name = JuceHeader.h; path = ../../JuceLibraryCode/JuceHeader.h; sourceTree = SOURCE_ROOT; };
		13D519822BEB568DCC080E83 /* Info-AU.plist */ /* Info-AU.plist */ = {isa = PBXFileReference; lastKnownFileType = text.plist.xml; name = "Info-AU.plist"; path = "Info-AU.plist"; sourceTree = SOURCE_ROOT; };
		17F92BFC1C21CCBE8DA4BD43 /* AudioUnit.framework */ /* AudioUnit.framework */ = {isa = PBXFileReference; lastKnownFileType = wrapper.framework; name = AudioUnit.framework; path = System/Library/Frameworks/AudioUnit.framework; sourceTree = SDKROOT; };
		1A8756D4AB514C03D6FF540A /* MetalKit.framework */ /* MetalKit.framework */ = {isa = PBXFileReference; lastKnownFileType = wrapper.framework; name = MetalKit.framework; path = System/Library/Frameworks/MetalKit.framework; sourceTree = SDKROOT; };
		1C681911F909B42210D086C7 /* include_juce_audio_basics.mm */ /* include_juce_audio_basics.mm */ = {isa = PBXFileReference; lastKnownFileType = sourcecode.cpp.objcpp; name = include_juce_audio_basics.mm; path = ../../JuceLibraryCode/include_juce_audio_basics.mm; sourceTree = SOURCE_ROOT; };
		21442C1C13697CDB399A5E1C /* JucePluginDefines.h */ /* JucePluginDefines.h */ = {isa = PBXFileReference; lastKnownFileType = sourcecode.c.h; name = JucePluginDefines.h; path = ../../JuceLibraryCode/JucePluginDefines.h; sourceTree = SOURCE_ROOT; };
		23001FC8E7D3C95FAA95A3B8 /* Foundation.framework */ /* Foundation.framework */ = {isa = PBXFileReference; lastKnownFileType = wrapper.framework; name = Foundation.framework; path = System/Library/Frameworks/Foundation.framework; sourceTree = SDKROOT; };
		24D42231EE37E1E6FD5E139C /* juce_audio_basics */ /* juce_audio_basics */ = {isa = PBXFileReference; lastKnownFileType = folder; name = juce_audio_basics; path = "~/.juce/modules/juce_audio_basics"; sourceTree = "<absolute>"; };
		2AF0205A48CE33016733A6B9 /* Shared Code */ = {isa = PBXFileReference; explicitFileType = archive.ar; includeInIndex = 0; path = "libc-juce-dsp.a"; sourceTree = BUILT_PRODUCTS_DIR; };
		2B96DDBB81D6CAE3D2D60C48 /* include_juce_gui_basics.mm */ /* include_juce_gui_basics.mm */ = {isa = PBXFileReference; lastKnownFileType = sourcecode.cpp.objcpp; name = include_juce_gui_basics.mm; path = ../../JuceLibraryCode/include_juce_gui_basics.mm; sourceTree = SOURCE_ROOT; };
		33CF08BB914F673B564FE728 /* include_juce_audio_processors.mm */ /* include_juce_audio_processors.mm */ = {isa = PBXFileReference; lastKnownFileType = sourcecode.cpp.objcpp; name = include_juce_audio_processors.mm; path = ../../JuceLibraryCode/include_juce_audio_processors.mm; sourceTree = SOURCE_ROOT; };
		3610CA893ADDE4BB943ADE36 /* PluginProcessor.cpp */ /* PluginProcessor.cpp */ = {isa = PBXFileReference; lastKnownFileType = sourcecode.cpp.cpp; name = PluginProcessor.cpp; path = ../../Source/PluginProcessor.cpp; sourceTree = SOURCE_ROOT; };
		3F64D68085026E8C3CFE0712 /* include_juce_audio_utils.mm */ /* include_juce_audio_utils.mm */ = {isa = PBXFileReference; lastKnownFileType = sourcecode.cpp.objcpp; name = include_juce_audio_utils.mm; path = ../../JuceLibraryCode/include_juce_audio_utils.mm; sourceTree = SOURCE_ROOT; };
		4567024812494ECBF9D2B7B1 /* include_juce_core_CompilationTime.cpp */ /* include_juce_core_CompilationTime.cpp */ = {isa = PBXFileReference; lastKnownFileType = sourcecode.cpp.cpp; name = include_juce_core_CompilationTime.cpp; path = ../../JuceLibraryCode/include_juce_core_CompilationTime.cpp; sourceTree = SOURCE_ROOT; };
		48880B38FE767488CE5C8DE2 /* include_juce_graphics.mm */ /* include_juce_graphics.mm */ = {isa = PBXFileReference; lastKnownFileType = sourcecode.cpp.objcpp; name = include_juce_graphics.mm; path = ../../JuceLibraryCode/include_juce_graphics.mm; sourceTree = SOURCE_ROOT; };
		50387E76C08595F72F3C4515 /* juce_gui_extra */ /* juce_gui_extra */ = {isa = PBXFileReference; lastKnownFileType = folder; name = juce_gui_extra; path = "~/.juce/modules/juce_gui_extra"; sourceTree = "<absolute>"; };
		5AB29A307DD961852016612A /* Accelerate.framework */ /* Accelerate.framework */ = {isa = PBXFileReference; lastKnownFileType = wrapper.framework; name = Accelerate.framework; path = System/Library/Frameworks/Accelerate.framework; sourceTree = SDKROOT; };
		5DABC7D85DDB843475EEE756 /* WebKit.framework */ /* WebKit.framework */ = {isa = PBXFileReference; lastKnownFileType = wrapper.framework; name = WebKit.framework; path = System/Library/Frameworks/WebKit.framework; sourceTree = SDKROOT; };
		66D19FD4512A5A7D7A1D5D8E /* AudioToolbox.framework */ /* AudioToolbox.framework */ = {isa = PBXFileReference; lastKnownFileType = wrapper.framework; name = AudioToolbox.framework; path = System/Library/Frameworks/AudioToolbox.framework; sourceTree = SDKROOT; };
		68E78821BD8BF44806D33EC6 /* juce_audio_formats */ /* juce_audio_formats */ = {isa = PBXFileReference; lastKnownFileType = folder; name = juce_audio_formats; path = "~/.juce/modules/juce_audio_formats"; sourceTree = "<absolute>"; };
		707ED9D48903A7AA5C19703A /* CoreAudioKit.framework */ /* CoreAudioKit.framework */ = {isa = PBXFileReference; lastKnownFileType = wrapper.framework; name = CoreAudioKit.framework; path = System/Library/Frameworks/CoreAudioKit.framework; sourceTree = SDKROOT; };
		72DD5D702BD90A39B958F2BB /* juce_audio_plugin_client */ /* juce_audio_plugin_client */ = {isa = PBXFileReference; lastKnownFileType = folder; name = juce_audio_plugin_client; path = "~/.juce/modules/juce_audio_plugin_client"; sourceTree = "<absolute>"; };
		77B7572765945DE96C308F7E /* PluginEditor.cpp */ /* PluginEditor.cpp */ = {isa = PBXFileReference; lastKnownFileType = sourcecode.cpp.cpp; name = PluginEditor.cpp; path = ../../Source/PluginEditor.cpp; sourceTree = SOURCE_ROOT; };
		78CA7121C1A06E83E96CC235 /* include_juce_graphics_Sheenbidi.c */ /* include_juce_graphics_Sheenbidi.c */ = {isa = PBXFileReference; lastKnownFileType = sourcecode.c.c; name = include_juce_graphics_Sheenbidi.c; path = ../../JuceLibraryCode/include_juce_graphics_Sheenbidi.c; sourceTree = SOURCE_ROOT; };
		7961E7703FD1F823BCF0D940 /* CoreMIDI.framework */ /* CoreMIDI.framework */ = {isa = PBXFileReference; lastKnownFileType = wrapper.framework; name = CoreMIDI.framework; path = System/Library/Frameworks/CoreMIDI.framework; sourceTree = SDKROOT; };
		7990331D72EEBBB7BA63A4E9 /* juce_events */ /* juce_events */ = {isa = PBXFileReference; lastKnownFileType = folder; name = juce_events; path = "~/.juce/modules/juce_events"; sourceTree = "<absolute>"; };
		79C0F0DFE750D6834CD0E4E2 /* QuartzCore.framework */ /* QuartzCore.framework */ = {isa = PBXFileReference; lastKnownFileType = wrapper.framework; name = QuartzCore.framework; path = System/Library/Frameworks/QuartzCore.framework; sourceTree = SDKROOT; };
		79CFBABA4C361C512F977F23 /* juce_audio_utils */ /* juce_audio_utils */ = {isa = PBXFileReference; lastKnownFileType = folder; name = juce_audio_utils; path = "~/.juce/modules/juce_audio_utils"; sourceTree = "<absolute>"; };
		804A33C41EAC414732E4CCC5 /* include_juce_audio_processors_ara.cpp */ /* include_juce_audio_processors_ara.cpp */ = {isa = PBXFileReference; lastKnownFileType = sourcecode.cpp.cpp; name = include_juce_audio_processors_ara.cpp; path = ../../JuceLibraryCode/include_juce_audio_processors_ara.cpp; sourceTree = SOURCE_ROOT; };
		834C2FE34541942D78E4286E /* include_juce_core.mm */ /* include_juce_core.mm */ = {isa = PBXFileReference; lastKnownFileType = sourcecode.cpp.objcpp; name = include_juce_core.mm; path = ../../JuceLibraryCode/include_juce_core.mm; sourceTree = SOURCE_ROOT; };
		876FFFBFE4091B0C16325112 /* CoreAudio.framework */ /* CoreAudio.framework */ = {isa = PBXFileReference; lastKnownFileType = wrapper.framework; name = CoreAudio.framework; path = System/Library/Frameworks/CoreAudio.framework; sourceTree = SDKROOT; };
		96468D5E15220C1B5797C24B /* juce_graphics */ /* juce_graphics */ = {isa = PBXFileReference; lastKnownFileType = folder; name = juce_graphics; path = "~/.juce/modules/juce_graphics"; sourceTree = "<absolute>"; };
		993B5CCC1CE8835000AD657C /* Security.framework */ /* Security.framework */ = {isa = PBXFileReference; lastKnownFileType = wrapper.framework; name = Security.framework; path = System/Library/Frameworks/Security.framework; sourceTree = SDKROOT; };
		9DB5ADD5B4016C9D3B0D1FF5 /* IOKit.framework */ /* IOKit.framework */ = {isa = PBXFileReference; lastKnownFileType = wrapper.framework; name = IOKit.framework; path = System/Library/Frameworks/IOKit.framework; sourceTree = SDKROOT; };
		A32F727A0445704063C27319 /* Cocoa.framework */ /* Cocoa.framework */ = {isa = PBXFileReference; lastKnownFileType = wrapper.framework; name = Cocoa.framework; path = System/Library/Frameworks/Cocoa.framework; sourceTree = SDKROOT; };
		A87925D058A4ABF021F96734 /* include_juce_graphics_Harfbuzz.cpp */ /* include_juce_graphics_Harfbuzz.cpp */ = {isa = PBXFileReference; lastKnownFileType = sourcecode.cpp.cpp; name = include_juce_graphics_Harfbuzz.cpp; path = ../../JuceLibraryCode/include_juce_graphics_Harfbuzz.cpp; sourceTree = SOURCE_ROOT; };
		AD51CB4681103DD2F04CFED8 /* PluginProcessor.h */ /* PluginProcessor.h */ = {isa = PBXFileReference; lastKnownFileType = sourcecode.c.h; name = PluginProcessor.h; path = ../../Source/PluginProcessor.h; sourceTree = SOURCE_ROOT; };
		AFA302AACA24B0F1C8F6FFDC /* include_juce_data_structures.mm */ /* include_juce_data_structures.mm */ = {isa = PBXFileReference; lastKnownFileType = sourcecode.cpp.objcpp; name = include_juce_data_structures.mm; path = ../../JuceLibraryCode/include_juce_data_structures.mm; sourceTree = SOURCE_ROOT; };
		B24F77A3E8F4DA0951BD4D47 /* include_juce_audio_plugin_client_ARA.cpp */ /* include_juce_audio_plugin_client_ARA.cpp */ = {isa = PBXFileReference; lastKnownFileType = sourcecode.cpp.cpp; name = include_juce_audio_plugin_client_ARA.cpp; path = ../../JuceLibraryCode/include_juce_audio_plugin_client_ARA.cpp; sourceTree = SOURCE_ROOT; };
		B8B02C9A707B5505E49119FC /* include_juce_audio_devices.mm */ /* include_juce_audio_devices.mm */ = {isa = PBXFileReference; lastKnownFileType = sourcecode.cpp.objcpp; name = include_juce_audio_devices.mm; path = ../../JuceLibraryCode/include_juce_audio_devices.mm; sourceTree = SOURCE_ROOT; };
		C0CFC95207397D636FC4BAE6 /* include_juce_audio_formats.mm */ /* include_juce_audio_formats.mm */ = {isa = PBXFileReference; lastKnownFileType = sourcecode.cpp.objcpp; name = include_juce_audio_formats.mm; path = ../../JuceLibraryCode/include_juce_audio_formats.mm; sourceTree = SOURCE_ROOT; };
		C261EDEE3CCB09E58669D832 /* juce_core */ /* juce_core */ = {isa = PBXFileReference; lastKnownFileType = folder; name = juce_core; path = "~/.juce/modules/juce_core"; sourceTree = "<absolute>"; };
		C2B9F9CA2D668E6548DBD522 /* Metal.framework */ /* Metal.framework */ = {isa = PBXFileReference; lastKnownFileType = wrapper.framework; name = Metal.framework; path = System/Library/Frameworks/Metal.framework; sourceTree = SDKROOT; };
		CA43EF6937AC0E7D3A3A7864 /* juce_audio_processors */ /* juce_audio_processors */ = {isa = PBXFileReference; lastKnownFileType = folder; name = juce_audio_processors; path = "~/.juce/modules/juce_audio_processors"; sourceTree = "<absolute>"; };
		CD1ACE51C8E22DA6F820D6A9 /* juce_data_structures */ /* juce_data_structures */ = {isa = PBXFileReference; lastKnownFileType = folder; name = juce_data_structures; path = "~/.juce/modules/juce_data_structures"; sourceTree = "<absolute>"; };
		D04AED6DC233F2D7F8AA9D73 /* juce_gui_basics */ /* juce_gui_basics */ = {isa = PBXFileReference; lastKnownFileType = folder; name = juce_gui_basics; path = "~/.juce/modules/juce_gui_basics"; sourceTree = "<absolute>"; };
		D192C88762ED6A9C6F0FC5CB /* AU */ = {isa = PBXFileReference; explicitFileType = wrapper.cfbundle; includeInIndex = 0; path = "c-juce-dsp.component"; sourceTree = BUILT_PRODUCTS_DIR; };
		D210465381C319545D661B34 /* include_juce_events.mm */ /* include_juce_events.mm */ = {isa = PBXFileReference; lastKnownFileType = sourcecode.cpp.objcpp; name = include_juce_events.mm; path = ../../JuceLibraryCode/include_juce_events.mm; sourceTree = SOURCE_ROOT; };
		D663CB8D25C5525B9DAA0275 /* include_juce_audio_plugin_client_AU_1.mm */ /* include_juce_audio_plugin_client_AU_1.mm */ = {isa = PBXFileReference; lastKnownFileType = sourcecode.cpp.objcpp; name = include_juce_audio_plugin_client_AU_1.mm; path = ../../JuceLibraryCode/include_juce_audio_plugin_client_AU_1.mm; sourceTree = SOURCE_ROOT; };
		E2FF190D5DDA17E5CA722B34 /* include_juce_audio_processors_lv2_libs.cpp */ /* include_juce_audio_processors_lv2_libs.cpp */ = {isa = PBXFileReference; lastKnownFileType = sourcecode.cpp.cpp; name = include_juce_audio_processors_lv2_libs.cpp; path = ../../JuceLibraryCode/include_juce_audio_processors_lv2_libs.cpp; sourceTree = SOURCE_ROOT; };
		EAA4BCACAE767E7E4B5B7D0E /* DiscRecording.framework */ /* DiscRecording.framework */ = {isa = PBXFileReference; lastKnownFileType = wrapper.framework; name = DiscRecording.framework; path = System/Library/Frameworks/DiscRecording.framework; sourceTree = SDKROOT; };
		EF6F61A5EDF1B87671887099 /* include_juce_audio_plugin_client_AU_2.mm */ /* include_juce_audio_plugin_client_AU_2.mm */ = {isa = PBXFileReference; lastKnownFileType = sourcecode.cpp.objcpp; name = include_juce_audio_plugin_client_AU_2.mm; path = ../../JuceLibraryCode/include_juce_audio_plugin_client_AU_2.mm; sourceTree = SOURCE_ROOT; };
		F2C0E472063F2E4BF7BA4BEB /* RecentFilesMenuTemplate.nib */ /* RecentFilesMenuTemplate.nib */ = {isa = PBXFileReference; lastKnownFileType = file.nib; name = RecentFilesMenuTemplate.nib; path = RecentFilesMenuTemplate.nib; sourceTree = SOURCE_ROOT; };
		FAA98B4D102EDD051EEDC3FA /* PluginEditor.h */ /* PluginEditor.h */ = {isa = PBXFileReference; lastKnownFileType = sourcecode.c.h; name = PluginEditor.h; path = ../../Source/PluginEditor.h; sourceTree = SOURCE_ROOT; };
		FB312C9CFF927E077A6C86C7 /* include_juce_gui_extra.mm */ /* include_juce_gui_extra.mm */ = {isa = PBXFileReference; lastKnownFileType = sourcecode.cpp.objcpp; name = include_juce_gui_extra.mm; path = ../../JuceLibraryCode/include_juce_gui_extra.mm; sourceTree = SOURCE_ROOT; };
		FBDB72F69402FB30BB8CE1DA /* juce_audio_devices */ /* juce_audio_devices */ = {isa = PBXFileReference; lastKnownFileType = folder; name = juce_audio_devices; path = "~/.juce/modules/juce_audio_devices"; sourceTree = "<absolute>"; };
/* End PBXFileReference section */

/* Begin PBXFrameworksBuildPhase section */
		5DDA8AC0CCB689372291DBD6 = {
			isa = PBXFrameworksBuildPhase;
			buildActionMask = 2147483647;
			files = (
				D2C3FF518252C890A28B7C2E,
				6715E4CB9098B6EF88119435,
				2FE9724CD98388040DE86825,
				CED466EE3115CC5FC5757C9A,
				473C3D66AB9F6F8516A96A71,
				C3BBEF29C92261260A47B6B6,
				C2C83328CFE5CD2BA9A901EA,
				0A751FA299A353635ACDC553,
				91EC127A0497B7A3E65D781F,
				8DBBDA6E51B11D7B738EA174,
				2997AB89FF2FDA592E1EC56A,
				CE664789068FA56FA87751A9,
				50E160017C2343A868DA6D96,
				BB9CD4566C1D45B3ED964396,
				FCF33123796D749DE929D324,
			);
			runOnlyForDeploymentPostprocessing = 0;
		};
/* End PBXFrameworksBuildPhase section */

/* Begin PBXGroup section */
		1BB13B2CCF9DE7BD1F6C6530 /* Frameworks */ = {
			isa = PBXGroup;
			children = (
				17F92BFC1C21CCBE8DA4BD43,
				5AB29A307DD961852016612A,
				66D19FD4512A5A7D7A1D5D8E,
				A32F727A0445704063C27319,
				876FFFBFE4091B0C16325112,
				707ED9D48903A7AA5C19703A,
				7961E7703FD1F823BCF0D940,
				EAA4BCACAE767E7E4B5B7D0E,
				23001FC8E7D3C95FAA95A3B8,
				9DB5ADD5B4016C9D3B0D1FF5,
				79C0F0DFE750D6834CD0E4E2,
				993B5CCC1CE8835000AD657C,
				5DABC7D85DDB843475EEE756,
				C2B9F9CA2D668E6548DBD522,
				1A8756D4AB514C03D6FF540A,
			);
			name = Frameworks;
			sourceTree = "<group>";
		};
		1EBCB365005D08E690B4387E /* c-juce-dsp */ = {
			isa = PBXGroup;
			children = (
				E2DFCBADB37DFBDD8157E9EF,
			);
			name = "c-juce-dsp";
			sourceTree = "<group>";
		};
		6EF07EB13239D0AD9B6D6489 /* Resources */ = {
			isa = PBXGroup;
			children = (
				13D519822BEB568DCC080E83,
				F2C0E472063F2E4BF7BA4BEB,
			);
			name = Resources;
			sourceTree = "<group>";
		};
		6F2AB1AA2931D0FF14C1F909 /* JUCE Modules */ = {
			isa = PBXGroup;
			children = (
				24D42231EE37E1E6FD5E139C,
				FBDB72F69402FB30BB8CE1DA,
				68E78821BD8BF44806D33EC6,
				72DD5D702BD90A39B958F2BB,
				CA43EF6937AC0E7D3A3A7864,
				79CFBABA4C361C512F977F23,
				C261EDEE3CCB09E58669D832,
				CD1ACE51C8E22DA6F820D6A9,
				7990331D72EEBBB7BA63A4E9,
				96468D5E15220C1B5797C24B,
				D04AED6DC233F2D7F8AA9D73,
				50387E76C08595F72F3C4515,
			);
			name = "JUCE Modules";
			sourceTree = "<group>";
		};
		746D3F3853C8C595C1B18BBB /* JUCE Library Code */ = {
			isa = PBXGroup;
			children = (
				1C681911F909B42210D086C7,
				B8B02C9A707B5505E49119FC,
				C0CFC95207397D636FC4BAE6,
				B24F77A3E8F4DA0951BD4D47,
				D663CB8D25C5525B9DAA0275,
				EF6F61A5EDF1B87671887099,
				33CF08BB914F673B564FE728,
				804A33C41EAC414732E4CCC5,
				E2FF190D5DDA17E5CA722B34,
				3F64D68085026E8C3CFE0712,
				834C2FE34541942D78E4286E,
				4567024812494ECBF9D2B7B1,
				AFA302AACA24B0F1C8F6FFDC,
				D210465381C319545D661B34,
				48880B38FE767488CE5C8DE2,
				A87925D058A4ABF021F96734,
				78CA7121C1A06E83E96CC235,
				2B96DDBB81D6CAE3D2D60C48,
				FB312C9CFF927E077A6C86C7,
				0AEDB4E03E8354CDCE1AFE4D,
				21442C1C13697CDB399A5E1C,
			);
			name = "JUCE Library Code";
			sourceTree = "<group>";
		};
		ADF1A91575D0E7BE99998A56 /* Source */ = {
			isa = PBXGroup;
			children = (
				1EBCB365005D08E690B4387E,
				6F2AB1AA2931D0FF14C1F909,
				746D3F3853C8C595C1B18BBB,
				6EF07EB13239D0AD9B6D6489,
				1BB13B2CCF9DE7BD1F6C6530,
				B2EB33DB9A4B88AAC40E78FB,
			);
			name = Source;
			sourceTree = "<group>";
		};
		B2EB33DB9A4B88AAC40E78FB /* Products */ = {
			isa = PBXGroup;
			children = (
				D192C88762ED6A9C6F0FC5CB,
				2AF0205A48CE33016733A6B9,
			);
			name = Products;
			sourceTree = "<group>";
		};
		E2DFCBADB37DFBDD8157E9EF /* Source */ = {
			isa = PBXGroup;
			children = (
				3610CA893ADDE4BB943ADE36,
				AD51CB4681103DD2F04CFED8,
				77B7572765945DE96C308F7E,
				FAA98B4D102EDD051EEDC3FA,
			);
			name = Source;
			sourceTree = "<group>";
		};
/* End PBXGroup section */

/* Begin PBXNativeTarget section */
		1137BB4C9A610714BBEDCC1C /* c-juce-dsp - Shared Code */ = {
			isa = PBXNativeTarget;
			buildConfigurationList = 0C56FCC6B8A8E6DE93F45CE9;
			buildPhases = (
				9006753D0D14B6F31B1E2C2B,
			);
			buildRules = (
			);
			dependencies = (
			);
			name = "c-juce-dsp - Shared Code";
			productName = "c-juce-dsp";
			productReference = 2AF0205A48CE33016733A6B9;
			productType = "com.apple.product-type.library.static";
		};
		2E2A60511780CD3A44A172C1 /* c-juce-dsp - AU */ = {
			isa = PBXNativeTarget;
			buildConfigurationList = 9DD165F603FA94080310CD2D;
			buildPhases = (
				C2B080ACB99CEE97AE6AAED2,
				CA63E668F4B8B5A5AEA23702,
				5DDA8AC0CCB689372291DBD6,
				1602AC284A72138D6490AA00,
			);
			buildRules = (
			);
			dependencies = (
				433C77290A2B7FFA0E51221B,
			);
			name = "c-juce-dsp - AU";
			productName = "c-juce-dsp";
			productReference = D192C88762ED6A9C6F0FC5CB;
			productType = "com.apple.product-type.bundle";
		};
/* End PBXNativeTarget section */

/* Begin PBXProject section */
		82186EB39E6AC0F6C5D86499 = {
			isa = PBXProject;
			attributes = {
				BuildIndependentTargetsInParallel = YES;
				LastUpgradeCheck = 1340;
				ORGANIZATIONNAME = "";
				TargetAttributes = {
					1137BB4C9A610714BBEDCC1C = {
						SystemCapabilities = {
							com.apple.ApplicationGroups.iOS = {
								enabled = 0;
							};
							com.apple.HardenedRuntime = {
								enabled = 0;
							};
							com.apple.InAppPurchase = {
								enabled = 0;
							};
							com.apple.InterAppAudio = {
								enabled = 0;
							};
							com.apple.Push = {
								enabled = 0;
							};
							com.apple.Sandbox = {
								enabled = 0;
							};
						};
					};
					2E2A60511780CD3A44A172C1 = {
						SystemCapabilities = {
							com.apple.ApplicationGroups.iOS = {
								enabled = 0;
							};
							com.apple.HardenedRuntime = {
								enabled = 0;
							};
							com.apple.InAppPurchase = {
								enabled = 0;
							};
							com.apple.InterAppAudio = {
								enabled = 0;
							};
							com.apple.Push = {
								enabled = 0;
							};
							com.apple.Sandbox = {
								enabled = 0;
							};
						};
					};
					DBD2271F47C63A84C5A31D46 = {
						SystemCapabilities = {
							com.apple.ApplicationGroups.iOS = {
								enabled = 0;
							};
							com.apple.HardenedRuntime = {
								enabled = 0;
							};
							com.apple.InAppPurchase = {
								enabled = 0;
							};
							com.apple.InterAppAudio = {
								enabled = 0;
							};
							com.apple.Push = {
								enabled = 0;
							};
							com.apple.Sandbox = {
								enabled = 0;
							};
						};
					};
				};
			};
			buildConfigurationList = 4B18066A1470B3F377D577BA;
			compatibilityVersion = "Xcode 3.2";
			hasScannedForEncodings = 0;
			knownRegions = (
				en,
				Base,
			);
			mainGroup = ADF1A91575D0E7BE99998A56;
			projectDirPath = "";
			projectRoot = "";
			targets = (
				DBD2271F47C63A84C5A31D46,
				2E2A60511780CD3A44A172C1,
				1137BB4C9A610714BBEDCC1C,
			);
		};
/* End PBXProject section */

/* Begin PBXResourcesBuildPhase section */
		C2B080ACB99CEE97AE6AAED2 = {
			isa = PBXResourcesBuildPhase;
			buildActionMask = 2147483647;
			files = (
				808FC457F5C42280107AA650,
			);
			runOnlyForDeploymentPostprocessing = 0;
		};
/* End PBXResourcesBuildPhase section */

/* Begin PBXShellScriptBuildPhase section */
		1602AC284A72138D6490AA00 /* Plugin Copy Step */ = {
			isa = PBXShellScriptBuildPhase;
			buildActionMask = 2147483647;
			files = (
			);
			runOnlyForDeploymentPostprocessing = 0;
			name = "Plugin Copy Step";
			alwaysOutOfDate = 1;
			shellPath = /bin/sh;
			shellScript = "set -euo pipefail\n\nif [[ \"${CONFIGURATION}\" == \"Debug\" ]]; then\n  destinationPlugin=\"${HOME}/Library/Audio/Plug-Ins/Components//$(basename \"${TARGET_BUILD_DIR}/${WRAPPER_NAME}\")\"\n  echo Running rm -rf \\\"${destinationPlugin}\\\"\n  rm -rf \"${destinationPlugin}\"\n  echo Running ditto \\\"${TARGET_BUILD_DIR}/${WRAPPER_NAME}\\\" \\\"${destinationPlugin}\\\"\n  ditto \"${TARGET_BUILD_DIR}/${WRAPPER_NAME}\" \"${destinationPlugin}\"\n\n  if [[ -n \"${EXPANDED_CODE_SIGN_IDENTITY-}\" ]]; then\n    if [[ -n \"${CODE_SIGN_ENTITLEMENTS-}\" ]]; then\n      entitlementsArg=(--entitlements \"${CODE_SIGN_ENTITLEMENTS}\")\n    fi\n\n    echo Signing Identity: \\\"${EXPANDED_CODE_SIGN_IDENTITY_NAME}\\\"\n    echo Running codesign --verbose=4 --force --sign \\\"${EXPANDED_CODE_SIGN_IDENTITY}\\\" ${entitlementsArg[*]-} ${OTHER_CODE_SIGN_FLAGS-} \\\"${HOME}/Library/Audio/Plug-Ins/Components//${WRAPPER_NAME}\\\"\n    codesign --verbose=4 --force --sign \"${EXPANDED_CODE_SIGN_IDENTITY}\" ${entitlementsArg[*]-} ${OTHER_CODE_SIGN_FLAGS-} \"${HOME}/Library/Audio/Plug-Ins/Components//${WRAPPER_NAME}\"\n  fi\nfi\n\nif [[ \"${CONFIGURATION}\" == \"Release\" ]]; then\n  destinationPlugin=\"${HOME}/Library/Audio/Plug-Ins/Components//$(basename \"${TARGET_BUILD_DIR}/${WRAPPER_NAME}\")\"\n  echo Running rm -rf \\\"${destinationPlugin}\\\"\n  rm -rf \"${destinationPlugin}\"\n  echo Running ditto \\\"${TARGET_BUILD_DIR}/${WRAPPER_NAME}\\\" \\\"${destinationPlugin}\\\"\n  ditto \"${TARGET_BUILD_DIR}/${WRAPPER_NAME}\" \"${destinationPlugin}\"\n\n  if [[ -n \"${EXPANDED_CODE_SIGN_IDENTITY-}\" ]]; then\n    if [[ -n \"${CODE_SIGN_ENTITLEMENTS-}\" ]]; then\n      entitlementsArg=(--entitlements \"${CODE_SIGN_ENTITLEMENTS}\")\n    fi\n\n    echo Signing Identity: \\\"${EXPANDED_CODE_SIGN_IDENTITY_NAME}\\\"\n    echo Running codesign --verbose=4 --force --sign \\\"${EXPANDED_CODE_SIGN_IDENTITY}\\\" ${entitlementsArg[*]-} ${OTHER_CODE_SIGN_FLAGS-} \\\"${HOME}/Library/Audio/Plug-Ins/Components//${WRAPPER_NAME}\\\"\n    codesign --verbose=4 --force --sign \"${EXPANDED_CODE_SIGN_IDENTITY}\" ${entitlementsArg[*]-} ${OTHER_CODE_SIGN_FLAGS-} \"${HOME}/Library/Audio/Plug-Ins/Components//${WRAPPER_NAME}\"\n  fi\nfi\n";
		};
/* End PBXShellScriptBuildPhase section */

/* Begin PBXSourcesBuildPhase section */
		9006753D0D14B6F31B1E2C2B = {
			isa = PBXSourcesBuildPhase;
			buildActionMask = 2147483647;
			files = (
				C7695AB9420B2410B763E435,
				060FE562BB4851AED693A1A1,
				BD56DC1BAAA1543FFF736AB6,
				4EB5B685F1ABD3AEA7DCD73B,
				034B501B4FBFF1C6E594ED62,
				6D95278C23278DE341B23381,
				C7EE5BE5C7FB9FCCC60097E7,
				DFEA87E35B51624CFC5C09B1,
				77730E09AC2FE048DC70D94D,
				C10DD146155286B8D76C8F75,
				4F033DEE687C914291563893,
				207D9649AF725DF8BDBFC667,
				4A5E1015C961A97F7FF9D86A,
				7BCDE6FB572DDBA639ABFB09,
				B2BB7F5CC61F906B6168A46D,
				0D6CF555789772C6FF4CDB6D,
				83CEB75ECC5B10323B2B44F6,
				ADDDEF6D99BC5C79449E650F,
				02FE622B3E91408BA02DDDEE,
			);
			runOnlyForDeploymentPostprocessing = 0;
		};
		CA63E668F4B8B5A5AEA23702 = {
			isa = PBXSourcesBuildPhase;
			buildActionMask = 2147483647;
			files = (
				221C97CFA4AF42781DCAAC8F,
				7E77F9E6DBCC60A8C193470A,
			);
			runOnlyForDeploymentPostprocessing = 0;
		};
/* End PBXSourcesBuildPhase section */

/* Begin PBXTargetDependency section */
		433C77290A2B7FFA0E51221B = {
			isa = PBXTargetDependency;
			target = 1137BB4C9A610714BBEDCC1C;
		};
		AEA0D6CAA8E0ACFDD7D5820D = {
			isa = PBXTargetDependency;
			target = 2E2A60511780CD3A44A172C1;
		};
		E1AB7D19AD1F66B01D18EFD2 = {
			isa = PBXTargetDependency;
			target = 1137BB4C9A610714BBEDCC1C;
		};
/* End PBXTargetDependency section */

/* Begin XCBuildConfiguration section */
		6F6F1C9EA157CE88C0F90A32 /* Release */ = {
			isa = XCBuildConfiguration;
			buildSettings = {
				MACOSX_DEPLOYMENT_TARGET = 10.13;
				SDKROOT = macosx;
			};
			name = Release;
		};
		7B07A4BFBFD3F03C280A9F21 /* Debug */ = {
			isa = XCBuildConfiguration;
			buildSettings = {
				ALWAYS_SEARCH_USER_PATHS = NO;
				CLANG_ENABLE_OBJC_WEAK = YES;
				CLANG_WARN_BLOCK_CAPTURE_AUTORELEASING = YES;
				CLANG_WARN_BOOL_CONVERSION = YES;
				CLANG_WARN_COMMA = YES;
				CLANG_WARN_CONSTANT_CONVERSION = YES;
				CLANG_WARN_DEPRECATED_OBJC_IMPLEMENTATIONS = YES;
				CLANG_WARN_EMPTY_BODY = YES;
				CLANG_WARN_ENUM_CONVERSION = YES;
				CLANG_WARN_INFINITE_RECURSION = YES;
				CLANG_WARN_INT_CONVERSION = YES;
				CLANG_WARN_NON_LITERAL_NULL_CONVERSION = YES;
				CLANG_WARN_OBJC_IMPLICIT_RETAIN_SELF = YES;
				CLANG_WARN_OBJC_LITERAL_CONVERSION = YES;
				CLANG_WARN_RANGE_LOOP_ANALYSIS = YES;
				CLANG_WARN_STRICT_PROTOTYPES = YES;
				CLANG_WARN_SUSPICIOUS_MOVE = YES;
				CLANG_WARN_UNREACHABLE_CODE = YES;
				CLANG_WARN__DUPLICATE_METHOD_MATCH = YES;
				DEBUG_INFORMATION_FORMAT = dwarf;
				ENABLE_STRICT_OBJC_MSGSEND = YES;
				ENABLE_TESTABILITY = NO;
				GCC_C_LANGUAGE_STANDARD = c11;
				GCC_INLINES_ARE_PRIVATE_EXTERN = YES;
				GCC_MODEL_TUNING = G5;
				GCC_NO_COMMON_BLOCKS = YES;
				GCC_SYMBOLS_PRIVATE_EXTERN = YES;
				GCC_WARN_64_TO_32_BIT_CONVERSION = YES;
				GCC_WARN_ABOUT_RETURN_TYPE = YES;
				GCC_WARN_CHECK_SWITCH_STATEMENTS = YES;
				GCC_WARN_MISSING_PARENTHESES = YES;
				GCC_WARN_NON_VIRTUAL_DESTRUCTOR = YES;
				GCC_WARN_TYPECHECK_CALLS_TO_PRINTF = YES;
				GCC_WARN_UNDECLARED_SELECTOR = YES;
				GCC_WARN_UNINITIALIZED_AUTOS = YES;
				GCC_WARN_UNUSED_FUNCTION = YES;
				GCC_WARN_UNUSED_VARIABLE = YES;
				ONLY_ACTIVE_ARCH = YES;
				OTHER_CODE_SIGN_FLAGS = --timestamp;
				PRODUCT_NAME = "c-juce-dsp";
				SDKROOT = macosx;
				WARNING_CFLAGS = "-Wreorder";
				ZERO_LINK = NO;
			};
			name = Debug;
		};
		8377F60342704192A6C9168B /* Debug */ = {
			isa = XCBuildConfiguration;
			buildSettings = {
				CLANG_CXX_LANGUAGE_STANDARD = "c++17";
				CLANG_CXX_LIBRARY = "libc++";
				CLANG_LINK_OBJC_RUNTIME = NO;
				COMBINE_HIDPI_IMAGES = YES;
				CONFIGURATION_BUILD_DIR = "$(PROJECT_DIR)/build/$(CONFIGURATION)";
				COPY_PHASE_STRIP = NO;
				EXCLUDED_ARCHS = "";
				GCC_DYNAMIC_NO_PIC = NO;
				GCC_OPTIMIZATION_LEVEL = 0;
				GCC_PREPROCESSOR_DEFINITIONS = (
					"_DEBUG=1",
					"DEBUG=1",
					"JUCE_PROJUCER_VERSION=0x80007",
					"JUCE_MODULE_AVAILABLE_juce_audio_basics=1",
					"JUCE_MODULE_AVAILABLE_juce_audio_devices=1",
					"JUCE_MODULE_AVAILABLE_juce_audio_formats=1",
					"JUCE_MODULE_AVAILABLE_juce_audio_plugin_client=1",
					"JUCE_MODULE_AVAILABLE_juce_audio_processors=1",
					"JUCE_MODULE_AVAILABLE_juce_audio_utils=1",
					"JUCE_MODULE_AVAILABLE_juce_core=1",
					"JUCE_MODULE_AVAILABLE_juce_data_structures=1",
					"JUCE_MODULE_AVAILABLE_juce_events=1",
					"JUCE_MODULE_AVAILABLE_juce_graphics=1",
					"JUCE_MODULE_AVAILABLE_juce_gui_basics=1",
					"JUCE_MODULE_AVAILABLE_juce_gui_extra=1",
					"JUCE_GLOBAL_MODULE_SETTINGS_INCLUDED=1",
					"JUCE_VST3_CAN_REPLACE_VST2=0",
					"JUCE_STRICT_REFCOUNTEDPOINTER=1",
					"JucePlugin_Build_VST=0",
					"JucePlugin_Build_VST3=0",
					"JucePlugin_Build_AU=1",
					"JucePlugin_Build_AUv3=0",
					"JucePlugin_Build_AAX=0",
					"JucePlugin_Build_Standalone=0",
					"JucePlugin_Build_Unity=0",
					"JucePlugin_Build_LV2=0",
					"JucePlugin_Enable_IAA=0",
					"JucePlugin_Enable_ARA=0",
					"JucePlugin_Name=\\\"c-juce-dsp\\\"",
					"JucePlugin_Desc=\\\"c-juce-dsp\\\"",
					"JucePlugin_Manufacturer=\\\"yourcompany\\\"",
					"JucePlugin_ManufacturerWebsite=\\\"www.yourcompany.com\\\"",
					"JucePlugin_ManufacturerEmail=\\\"\\\"",
					"JucePlugin_ManufacturerCode=0x4d616e75",
					"JucePlugin_PluginCode=0x516c7974",
					"JucePlugin_IsSynth=0",
					"JucePlugin_WantsMidiInput=0",
					"JucePlugin_ProducesMidiOutput=0",
					"JucePlugin_IsMidiEffect=0",
					"JucePlugin_EditorRequiresKeyboardFocus=0",
					"JucePlugin_Version=1.0.0",
					"JucePlugin_VersionCode=0x10000",
					"JucePlugin_VersionString=\\\"1.0.0\\\"",
					"JucePlugin_VSTUniqueID=JucePlugin_PluginCode",
					"JucePlugin_VSTCategory=kPlugCategEffect",
					"JucePlugin_Vst3Category=\\\"Fx\\\"",
					"JucePlugin_AUMainType=\\'aufx\\'",
					"JucePlugin_AUSubType=JucePlugin_PluginCode",
					"JucePlugin_AUExportPrefix=cjucedspAU",
					"JucePlugin_AUExportPrefixQuoted=\\\"cjucedspAU\\\"",
					"JucePlugin_AUManufacturerCode=JucePlugin_ManufacturerCode",
					"JucePlugin_CFBundleIdentifier=com.yourcompany.cjucedsp",
					"JucePlugin_AAXIdentifier=com.yourcompany.cjucedsp",
					"JucePlugin_AAXManufacturerCode=JucePlugin_ManufacturerCode",
					"JucePlugin_AAXProductId=JucePlugin_PluginCode",
					"JucePlugin_AAXCategory=0",
					"JucePlugin_AAXDisableBypass=0",
					"JucePlugin_AAXDisableMultiMono=0",
					"JucePlugin_IAAType=0x61757278",
					"JucePlugin_IAASubType=JucePlugin_PluginCode",
					"JucePlugin_IAAName=\\\"yourcompany:\\ c-juce-dsp\\\"",
					"JucePlugin_VSTNumMidiInputs=16",
					"JucePlugin_VSTNumMidiOutputs=16",
					"JucePlugin_ARAContentTypes=0",
					"JucePlugin_ARATransformationFlags=0",
					"JucePlugin_ARAFactoryID=\\\"com.yourcompany.cjucedsp.factory\\\"",
					"JucePlugin_ARADocumentArchiveID=\\\"com.yourcompany.cjucedsp.aradocumentarchive.1.0.0\\\"",
					"JucePlugin_ARACompatibleArchiveIDs=\\\"\\\"",
					"JUCE_STANDALONE_APPLICATION=JucePlugin_Build_Standalone",
					"JUCER_XCODE_MAC_F6D2F4CF=1",
					"JUCE_APP_VERSION=1.0.0",
					"JUCE_APP_VERSION_HEX=0x10000",
				);
				GCC_VERSION = com.apple.compilers.llvm.clang.1_0;
				GENERATE_PKGINFO_FILE = YES;
				HEADER_SEARCH_PATHS = (
					"$(SRCROOT)/../../JuceLibraryCode",
					"$(HOME)/.juce/modules",
					"$(HOME)/.juce/modules/juce_audio_plugin_client/AU",
					"$(inherited)",
				);
				INFOPLIST_FILE = Info-AU.plist;
				INFOPLIST_PREPROCESS = NO;
				INSTALL_PATH = "$(HOME)/Library/Audio/Plug-Ins/Components/";
				LIBRARY_STYLE = Bundle;
				MACOSX_DEPLOYMENT_TARGET = 10.13;
				MTL_HEADER_SEARCH_PATHS = "$(SRCROOT)/../../JuceLibraryCode $(HOME)/.juce/modules $(HOME)/.juce/modules/juce_audio_plugin_client/AU";
				OTHER_LDFLAGS = "-bundle -lc-juce-dsp";
				OTHER_REZFLAGS = "-d ppc_$ppc -d i386_$i386 -d ppc64_$ppc64 -d x86_64_$x86_64 -d arm64_$arm64 -I /System/Library/Frameworks/CoreServices.framework/Frameworks/CarbonCore.framework/Versions/A/Headers -I \"$(DEVELOPER_DIR)/Extras/CoreAudio/AudioUnits/AUPublic/AUBase\" -I \"$(DEVELOPER_DIR)/Platforms/MacOSX.platform/Developer/SDKs/MacOSX.sdk/System/Library/Frameworks/AudioUnit.framework/Headers\"";
				PRODUCT_BUNDLE_IDENTIFIER = com.yourcompany.cjucedsp;
				PRODUCT_NAME = "c-juce-dsp";
				USE_HEADERMAP = NO;
				VALID_ARCHS = "i386 x86_64 arm64 arm64e";
				WRAPPER_EXTENSION = component;
			};
			name = Debug;
		};
		90F54B3B02060B3768C86039 /* Release */ = {
			isa = XCBuildConfiguration;
			buildSettings = {
				CLANG_CXX_LANGUAGE_STANDARD = "c++17";
				CLANG_CXX_LIBRARY = "libc++";
				CLANG_LINK_OBJC_RUNTIME = NO;
				COMBINE_HIDPI_IMAGES = YES;
				CONFIGURATION_BUILD_DIR = "$(PROJECT_DIR)/build/$(CONFIGURATION)";
				DEAD_CODE_STRIPPING = YES;
				EXCLUDED_ARCHS = "";
				GCC_GENERATE_DEBUGGING_SYMBOLS = NO;
				GCC_OPTIMIZATION_LEVEL = 3;
				GCC_PREPROCESSOR_DEFINITIONS = (
					"_NDEBUG=1",
					"NDEBUG=1",
					"JUCE_PROJUCER_VERSION=0x80007",
					"JUCE_MODULE_AVAILABLE_juce_audio_basics=1",
					"JUCE_MODULE_AVAILABLE_juce_audio_devices=1",
					"JUCE_MODULE_AVAILABLE_juce_audio_formats=1",
					"JUCE_MODULE_AVAILABLE_juce_audio_plugin_client=1",
					"JUCE_MODULE_AVAILABLE_juce_audio_processors=1",
					"JUCE_MODULE_AVAILABLE_juce_audio_utils=1",
					"JUCE_MODULE_AVAILABLE_juce_core=1",
					"JUCE_MODULE_AVAILABLE_juce_data_structures=1",
					"JUCE_MODULE_AVAILABLE_juce_events=1",
					"JUCE_MODULE_AVAILABLE_juce_graphics=1",
					"JUCE_MODULE_AVAILABLE_juce_gui_basics=1",
					"JUCE_MODULE_AVAILABLE_juce_gui_extra=1",
					"JUCE_GLOBAL_MODULE_SETTINGS_INCLUDED=1",
					"JUCE_VST3_CAN_REPLACE_VST2=0",
					"JUCE_STRICT_REFCOUNTEDPOINTER=1",
					"JucePlugin_Build_VST=0",
					"JucePlugin_Build_VST3=0",
					"JucePlugin_Build_AU=1",
					"JucePlugin_Build_AUv3=0",
					"JucePlugin_Build_AAX=0",
					"JucePlugin_Build_Standalone=0",
					"JucePlugin_Build_Unity=0",
					"JucePlugin_Build_LV2=0",
					"JucePlugin_Enable_IAA=0",
					"JucePlugin_Enable_ARA=0",
					"JucePlugin_Name=\\\"c-juce-dsp\\\"",
					"JucePlugin_Desc=\\\"c-juce-dsp\\\"",
					"JucePlugin_Manufacturer=\\\"yourcompany\\\"",
					"JucePlugin_ManufacturerWebsite=\\\"www.yourcompany.com\\\"",
					"JucePlugin_ManufacturerEmail=\\\"\\\"",
					"JucePlugin_ManufacturerCode=0x4d616e75",
					"JucePlugin_PluginCode=0x516c7974",
					"JucePlugin_IsSynth=0",
					"JucePlugin_WantsMidiInput=0",
					"JucePlugin_ProducesMidiOutput=0",
					"JucePlugin_IsMidiEffect=0",
					"JucePlugin_EditorRequiresKeyboardFocus=0",
					"JucePlugin_Version=1.0.0",
					"JucePlugin_VersionCode=0x10000",
					"JucePlugin_VersionString=\\\"1.0.0\\\"",
					"JucePlugin_VSTUniqueID=JucePlugin_PluginCode",
					"JucePlugin_VSTCategory=kPlugCategEffect",
					"JucePlugin_Vst3Category=\\\"Fx\\\"",
					"JucePlugin_AUMainType=\\'aufx\\'",
					"JucePlugin_AUSubType=JucePlugin_PluginCode",
					"JucePlugin_AUExportPrefix=cjucedspAU",
					"JucePlugin_AUExportPrefixQuoted=\\\"cjucedspAU\\\"",
					"JucePlugin_AUManufacturerCode=JucePlugin_ManufacturerCode",
					"JucePlugin_CFBundleIdentifier=com.yourcompany.cjucedsp",
					"JucePlugin_AAXIdentifier=com.yourcompany.cjucedsp",
					"JucePlugin_AAXManufacturerCode=JucePlugin_ManufacturerCode",
					"JucePlugin_AAXProductId=JucePlugin_PluginCode",
					"JucePlugin_AAXCategory=0",
					"JucePlugin_AAXDisableBypass=0",
					"JucePlugin_AAXDisableMultiMono=0",
					"JucePlugin_IAAType=0x61757278",
					"JucePlugin_IAASubType=JucePlugin_PluginCode",
					"JucePlugin_IAAName=\\\"yourcompany:\\ c-juce-dsp\\\"",
					"JucePlugin_VSTNumMidiInputs=16",
					"JucePlugin_VSTNumMidiOutputs=16",
					"JucePlugin_ARAContentTypes=0",
					"JucePlugin_ARATransformationFlags=0",
					"JucePlugin_ARAFactoryID=\\\"com.yourcompany.cjucedsp.factory\\\"",
					"JucePlugin_ARADocumentArchiveID=\\\"com.yourcompany.cjucedsp.aradocumentarchive.1.0.0\\\"",
					"JucePlugin_ARACompatibleArchiveIDs=\\\"\\\"",
					"JUCE_STANDALONE_APPLICATION=JucePlugin_Build_Standalone",
					"JUCER_XCODE_MAC_F6D2F4CF=1",
					"JUCE_APP_VERSION=1.0.0",
					"JUCE_APP_VERSION_HEX=0x10000",
					"JUCE_SHARED_CODE=1",
				);
				GCC_VERSION = com.apple.compilers.llvm.clang.1_0;
				HEADER_SEARCH_PATHS = (
					"$(SRCROOT)/../../JuceLibraryCode",
					"$(HOME)/.juce/modules",
					"$(HOME)/.juce/modules/juce_audio_plugin_client/AU",
					"$(inherited)",
				);
				INSTALL_PATH = "@executable_path/../Frameworks";
				LLVM_LTO = YES;
				MACOSX_DEPLOYMENT_TARGET = 10.13;
				MTL_HEADER_SEARCH_PATHS = "$(SRCROOT)/../../JuceLibraryCode $(HOME)/.juce/modules $(HOME)/.juce/modules/juce_audio_plugin_client/AU";
				PRODUCT_BUNDLE_IDENTIFIER = com.yourcompany.cjucedsp;
				PRODUCT_NAME = "c-juce-dsp";
				SKIP_INSTALL = YES;
				USE_HEADERMAP = NO;
				VALID_ARCHS = "i386 x86_64 arm64 arm64e";
			};
			name = Release;
		};
		D6E038FB1275ED484FD56BBD /* Release */ = {
			isa = XCBuildConfiguration;
			buildSettings = {
				CLANG_CXX_LANGUAGE_STANDARD = "c++17";
				CLANG_CXX_LIBRARY = "libc++";
				CLANG_LINK_OBJC_RUNTIME = NO;
				COMBINE_HIDPI_IMAGES = YES;
				CONFIGURATION_BUILD_DIR = "$(PROJECT_DIR)/build/$(CONFIGURATION)";
				DEAD_CODE_STRIPPING = YES;
				EXCLUDED_ARCHS = "";
				GCC_GENERATE_DEBUGGING_SYMBOLS = NO;
				GCC_OPTIMIZATION_LEVEL = 3;
				GCC_PREPROCESSOR_DEFINITIONS = (
					"_NDEBUG=1",
					"NDEBUG=1",
					"JUCE_PROJUCER_VERSION=0x80007",
					"JUCE_MODULE_AVAILABLE_juce_audio_basics=1",
					"JUCE_MODULE_AVAILABLE_juce_audio_devices=1",
					"JUCE_MODULE_AVAILABLE_juce_audio_formats=1",
					"JUCE_MODULE_AVAILABLE_juce_audio_plugin_client=1",
					"JUCE_MODULE_AVAILABLE_juce_audio_processors=1",
					"JUCE_MODULE_AVAILABLE_juce_audio_utils=1",
					"JUCE_MODULE_AVAILABLE_juce_core=1",
					"JUCE_MODULE_AVAILABLE_juce_data_structures=1",
					"JUCE_MODULE_AVAILABLE_juce_events=1",
					"JUCE_MODULE_AVAILABLE_juce_graphics=1",
					"JUCE_MODULE_AVAILABLE_juce_gui_basics=1",
					"JUCE_MODULE_AVAILABLE_juce_gui_extra=1",
					"JUCE_GLOBAL_MODULE_SETTINGS_INCLUDED=1",
					"JUCE_VST3_CAN_REPLACE_VST2=0",
					"JUCE_STRICT_REFCOUNTEDPOINTER=1",
					"JucePlugin_Build_VST=0",
					"JucePlugin_Build_VST3=0",
					"JucePlugin_Build_AU=1",
					"JucePlugin_Build_AUv3=0",
					"JucePlugin_Build_AAX=0",
					"JucePlugin_Build_Standalone=0",
					"JucePlugin_Build_Unity=0",
					"JucePlugin_Build_LV2=0",
					"JucePlugin_Enable_IAA=0",
					"JucePlugin_Enable_ARA=0",
					"JucePlugin_Name=\\\"c-juce-dsp\\\"",
					"JucePlugin_Desc=\\\"c-juce-dsp\\\"",
					"JucePlugin_Manufacturer=\\\"yourcompany\\\"",
					"JucePlugin_ManufacturerWebsite=\\\"www.yourcompany.com\\\"",
					"JucePlugin_ManufacturerEmail=\\\"\\\"",
					"JucePlugin_ManufacturerCode=0x4d616e75",
					"JucePlugin_PluginCode=0x516c7974",
					"JucePlugin_IsSynth=0",
					"JucePlugin_WantsMidiInput=0",
					"JucePlugin_ProducesMidiOutput=0",
					"JucePlugin_IsMidiEffect=0",
					"JucePlugin_EditorRequiresKeyboardFocus=0",
					"JucePlugin_Version=1.0.0",
					"JucePlugin_VersionCode=0x10000",
					"JucePlugin_VersionString=\\\"1.0.0\\\"",
					"JucePlugin_VSTUniqueID=JucePlugin_PluginCode",
					"JucePlugin_VSTCategory=kPlugCategEffect",
					"JucePlugin_Vst3Category=\\\"Fx\\\"",
					"JucePlugin_AUMainType=\\'aufx\\'",
					"JucePlugin_AUSubType=JucePlugin_PluginCode",
					"JucePlugin_AUExportPrefix=cjucedspAU",
					"JucePlugin_AUExportPrefixQuoted=\\\"cjucedspAU\\\"",
					"JucePlugin_AUManufacturerCode=JucePlugin_ManufacturerCode",
					"JucePlugin_CFBundleIdentifier=com.yourcompany.cjucedsp",
					"JucePlugin_AAXIdentifier=com.yourcompany.cjucedsp",
					"JucePlugin_AAXManufacturerCode=JucePlugin_ManufacturerCode",
					"JucePlugin_AAXProductId=JucePlugin_PluginCode",
					"JucePlugin_AAXCategory=0",
					"JucePlugin_AAXDisableBypass=0",
					"JucePlugin_AAXDisableMultiMono=0",
					"JucePlugin_IAAType=0x61757278",
					"JucePlugin_IAASubType=JucePlugin_PluginCode",
					"JucePlugin_IAAName=\\\"yourcompany:\\ c-juce-dsp\\\"",
					"JucePlugin_VSTNumMidiInputs=16",
					"JucePlugin_VSTNumMidiOutputs=16",
					"JucePlugin_ARAContentTypes=0",
					"JucePlugin_ARATransformationFlags=0",
					"JucePlugin_ARAFactoryID=\\\"com.yourcompany.cjucedsp.factory\\\"",
					"JucePlugin_ARADocumentArchiveID=\\\"com.yourcompany.cjucedsp.aradocumentarchive.1.0.0\\\"",
					"JucePlugin_ARACompatibleArchiveIDs=\\\"\\\"",
					"JUCE_STANDALONE_APPLICATION=JucePlugin_Build_Standalone",
					"JUCER_XCODE_MAC_F6D2F4CF=1",
					"JUCE_APP_VERSION=1.0.0",
					"JUCE_APP_VERSION_HEX=0x10000",
				);
				GCC_VERSION = com.apple.compilers.llvm.clang.1_0;
				GENERATE_PKGINFO_FILE = YES;
				HEADER_SEARCH_PATHS = (
					"$(SRCROOT)/../../JuceLibraryCode",
					"$(HOME)/.juce/modules",
					"$(HOME)/.juce/modules/juce_audio_plugin_client/AU",
					"$(inherited)",
				);
				INFOPLIST_FILE = Info-AU.plist;
				INFOPLIST_PREPROCESS = NO;
				INSTALL_PATH = "$(HOME)/Library/Audio/Plug-Ins/Components/";
				LIBRARY_STYLE = Bundle;
				LLVM_LTO = YES;
				MACOSX_DEPLOYMENT_TARGET = 10.13;
				MTL_HEADER_SEARCH_PATHS = "$(SRCROOT)/../../JuceLibraryCode $(HOME)/.juce/modules $(HOME)/.juce/modules/juce_audio_plugin_client/AU";
				OTHER_LDFLAGS = "-bundle -lc-juce-dsp";
				OTHER_REZFLAGS = "-d ppc_$ppc -d i386_$i386 -d ppc64_$ppc64 -d x86_64_$x86_64 -d arm64_$arm64 -I /System/Library/Frameworks/CoreServices.framework/Frameworks/CarbonCore.framework/Versions/A/Headers -I \"$(DEVELOPER_DIR)/Extras/CoreAudio/AudioUnits/AUPublic/AUBase\" -I \"$(DEVELOPER_DIR)/Platforms/MacOSX.platform/Developer/SDKs/MacOSX.sdk/System/Library/Frameworks/AudioUnit.framework/Headers\"";
				PRODUCT_BUNDLE_IDENTIFIER = com.yourcompany.cjucedsp;
				PRODUCT_NAME = "c-juce-dsp";
				USE_HEADERMAP = NO;
				VALID_ARCHS = "i386 x86_64 arm64 arm64e";
				WRAPPER_EXTENSION = component;
			};
			name = Release;
		};
		DABAB8DC1D930860F016B909 /* Debug */ = {
			isa = XCBuildConfiguration;
			buildSettings = {
				MACOSX_DEPLOYMENT_TARGET = 10.13;
				SDKROOT = macosx;
			};
			name = Debug;
		};
		DEF1CB852B1B25320F262BDE /* Release */ = {
			isa = XCBuildConfiguration;
			buildSettings = {
				ALWAYS_SEARCH_USER_PATHS = NO;
				CLANG_ENABLE_OBJC_WEAK = YES;
				CLANG_WARN_BLOCK_CAPTURE_AUTORELEASING = YES;
				CLANG_WARN_BOOL_CONVERSION = YES;
				CLANG_WARN_COMMA = YES;
				CLANG_WARN_CONSTANT_CONVERSION = YES;
				CLANG_WARN_DEPRECATED_OBJC_IMPLEMENTATIONS = YES;
				CLANG_WARN_EMPTY_BODY = YES;
				CLANG_WARN_ENUM_CONVERSION = YES;
				CLANG_WARN_INFINITE_RECURSION = YES;
				CLANG_WARN_INT_CONVERSION = YES;
				CLANG_WARN_NON_LITERAL_NULL_CONVERSION = YES;
				CLANG_WARN_OBJC_IMPLICIT_RETAIN_SELF = YES;
				CLANG_WARN_OBJC_LITERAL_CONVERSION = YES;
				CLANG_WARN_RANGE_LOOP_ANALYSIS = YES;
				CLANG_WARN_STRICT_PROTOTYPES = YES;
				CLANG_WARN_SUSPICIOUS_MOVE = YES;
				CLANG_WARN_UNREACHABLE_CODE = YES;
				CLANG_WARN__DUPLICATE_METHOD_MATCH = YES;
				DEBUG_INFORMATION_FORMAT = dwarf;
				ENABLE_STRICT_OBJC_MSGSEND = YES;
				ENABLE_TESTABILITY = NO;
				GCC_C_LANGUAGE_STANDARD = c11;
				GCC_INLINES_ARE_PRIVATE_EXTERN = YES;
				GCC_MODEL_TUNING = G5;
				GCC_NO_COMMON_BLOCKS = YES;
				GCC_SYMBOLS_PRIVATE_EXTERN = YES;
				GCC_WARN_64_TO_32_BIT_CONVERSION = YES;
				GCC_WARN_ABOUT_RETURN_TYPE = YES;
				GCC_WARN_CHECK_SWITCH_STATEMENTS = YES;
				GCC_WARN_MISSING_PARENTHESES = YES;
				GCC_WARN_NON_VIRTUAL_DESTRUCTOR = YES;
				GCC_WARN_TYPECHECK_CALLS_TO_PRINTF = YES;
				GCC_WARN_UNDECLARED_SELECTOR = YES;
				GCC_WARN_UNINITIALIZED_AUTOS = YES;
				GCC_WARN_UNUSED_FUNCTION = YES;
				GCC_WARN_UNUSED_VARIABLE = YES;
				OTHER_CODE_SIGN_FLAGS = --timestamp;
				PRODUCT_NAME = "c-juce-dsp";
				SDKROOT = macosx;
				WARNING_CFLAGS = "-Wreorder";
				ZERO_LINK = NO;
			};
			name = Release;
		};
		FDB0DC486917C672488F8658 /* Debug */ = {
			isa = XCBuildConfiguration;
			buildSettings = {
				CLANG_CXX_LANGUAGE_STANDARD = "c++17";
				CLANG_CXX_LIBRARY = "libc++";
				CLANG_LINK_OBJC_RUNTIME = NO;
				COMBINE_HIDPI_IMAGES = YES;
				CONFIGURATION_BUILD_DIR = "$(PROJECT_DIR)/build/$(CONFIGURATION)";
				COPY_PHASE_STRIP = NO;
				EXCLUDED_ARCHS = "";
				GCC_DYNAMIC_NO_PIC = NO;
				GCC_OPTIMIZATION_LEVEL = 0;
				GCC_PREPROCESSOR_DEFINITIONS = (
					"_DEBUG=1",
					"DEBUG=1",
					"JUCE_PROJUCER_VERSION=0x80007",
					"JUCE_MODULE_AVAILABLE_juce_audio_basics=1",
					"JUCE_MODULE_AVAILABLE_juce_audio_devices=1",
					"JUCE_MODULE_AVAILABLE_juce_audio_formats=1",
					"JUCE_MODULE_AVAILABLE_juce_audio_plugin_client=1",
					"JUCE_MODULE_AVAILABLE_juce_audio_processors=1",
					"JUCE_MODULE_AVAILABLE_juce_audio_utils=1",
					"JUCE_MODULE_AVAILABLE_juce_core=1",
					"JUCE_MODULE_AVAILABLE_juce_data_structures=1",
					"JUCE_MODULE_AVAILABLE_juce_events=1",
					"JUCE_MODULE_AVAILABLE_juce_graphics=1",
					"JUCE_MODULE_AVAILABLE_juce_gui_basics=1",
					"JUCE_MODULE_AVAILABLE_juce_gui_extra=1",
					"JUCE_GLOBAL_MODULE_SETTINGS_INCLUDED=1",
					"JUCE_VST3_CAN_REPLACE_VST2=0",
					"JUCE_STRICT_REFCOUNTEDPOINTER=1",
					"JucePlugin_Build_VST=0",
					"JucePlugin_Build_VST3=0",
					"JucePlugin_Build_AU=1",
					"JucePlugin_Build_AUv3=0",
					"JucePlugin_Build_AAX=0",
					"JucePlugin_Build_Standalone=0",
					"JucePlugin_Build_Unity=0",
					"JucePlugin_Build_LV2=0",
					"JucePlugin_Enable_IAA=0",
					"JucePlugin_Enable_ARA=0",
					"JucePlugin_Name=\\\"c-juce-dsp\\\"",
					"JucePlugin_Desc=\\\"c-juce-dsp\\\"",
					"JucePlugin_Manufacturer=\\\"yourcompany\\\"",
					"JucePlugin_ManufacturerWebsite=\\\"www.yourcompany.com\\\"",
					"JucePlugin_ManufacturerEmail=\\\"\\\"",
					"JucePlugin_ManufacturerCode=0x4d616e75",
					"JucePlugin_PluginCode=0x516c7974",
					"JucePlugin_IsSynth=0",
					"JucePlugin_WantsMidiInput=0",
					"JucePlugin_ProducesMidiOutput=0",
					"JucePlugin_IsMidiEffect=0",
					"JucePlugin_EditorRequiresKeyboardFocus=0",
					"JucePlugin_Version=1.0.0",
					"JucePlugin_VersionCode=0x10000",
					"JucePlugin_VersionString=\\\"1.0.0\\\"",
					"JucePlugin_VSTUniqueID=JucePlugin_PluginCode",
					"JucePlugin_VSTCategory=kPlugCategEffect",
					"JucePlugin_Vst3Category=\\\"Fx\\\"",
					"JucePlugin_AUMainType=\\'aufx\\'",
					"JucePlugin_AUSubType=JucePlugin_PluginCode",
					"JucePlugin_AUExportPrefix=cjucedspAU",
					"JucePlugin_AUExportPrefixQuoted=\\\"cjucedspAU\\\"",
					"JucePlugin_AUManufacturerCode=JucePlugin_ManufacturerCode",
					"JucePlugin_CFBundleIdentifier=com.yourcompany.cjucedsp",
					"JucePlugin_AAXIdentifier=com.yourcompany.cjucedsp",
					"JucePlugin_AAXManufacturerCode=JucePlugin_ManufacturerCode",
					"JucePlugin_AAXProductId=JucePlugin_PluginCode",
					"JucePlugin_AAXCategory=0",
					"JucePlugin_AAXDisableBypass=0",
					"JucePlugin_AAXDisableMultiMono=0",
					"JucePlugin_IAAType=0x61757278",
					"JucePlugin_IAASubType=JucePlugin_PluginCode",
					"JucePlugin_IAAName=\\\"yourcompany:\\ c-juce-dsp\\\"",
					"JucePlugin_VSTNumMidiInputs=16",
					"JucePlugin_VSTNumMidiOutputs=16",
					"JucePlugin_ARAContentTypes=0",
					"JucePlugin_ARATransformationFlags=0",
					"JucePlugin_ARAFactoryID=\\\"com.yourcompany.cjucedsp.factory\\\"",
					"JucePlugin_ARADocumentArchiveID=\\\"com.yourcompany.cjucedsp.aradocumentarchive.1.0.0\\\"",
					"JucePlugin_ARACompatibleArchiveIDs=\\\"\\\"",
					"JUCE_STANDALONE_APPLICATION=JucePlugin_Build_Standalone",
					"JUCER_XCODE_MAC_F6D2F4CF=1",
					"JUCE_APP_VERSION=1.0.0",
					"JUCE_APP_VERSION_HEX=0x10000",
					"JUCE_SHARED_CODE=1",
				);
				GCC_VERSION = com.apple.compilers.llvm.clang.1_0;
				HEADER_SEARCH_PATHS = (
					"$(SRCROOT)/../../JuceLibraryCode",
					"$(HOME)/.juce/modules",
					"$(HOME)/.juce/modules/juce_audio_plugin_client/AU",
					"$(inherited)",
				);
				INSTALL_PATH = "@executable_path/../Frameworks";
				MACOSX_DEPLOYMENT_TARGET = 10.13;
				MTL_HEADER_SEARCH_PATHS = "$(SRCROOT)/../../JuceLibraryCode $(HOME)/.juce/modules $(HOME)/.juce/modules/juce_audio_plugin_client/AU";
				PRODUCT_BUNDLE_IDENTIFIER = com.yourcompany.cjucedsp;
				PRODUCT_NAME = "c-juce-dsp";
				SKIP_INSTALL = YES;
				USE_HEADERMAP = NO;
				VALID_ARCHS = "i386 x86_64 arm64 arm64e";
			};
			name = Debug;
		};
/* End XCBuildConfiguration section */

/* Begin XCConfigurationList section */
		0C56FCC6B8A8E6DE93F45CE9 = {
			isa = XCConfigurationList;
			buildConfigurations = (
				FDB0DC486917C672488F8658,
				90F54B3B02060B3768C86039,
			);
			defaultConfigurationIsVisible = 0;
			defaultConfigurationName = Debug;
		};
		376F3588436277F3343734EE = {
			isa = XCConfigurationList;
			buildConfigurations = (
				DABAB8DC1D930860F016B909,
				6F6F1C9EA157CE88C0F90A32,
			);
			defaultConfigurationIsVisible = 0;
			defaultConfigurationName = Debug;
		};
		4B18066A1470B3F377D577BA = {
			isa = XCConfigurationList;
			buildConfigurations = (
				7B07A4BFBFD3F03C280A9F21,
				DEF1CB852B1B25320F262BDE,
			);
			defaultConfigurationIsVisible = 0;
			defaultConfigurationName = Debug;
		};
		9DD165F603FA94080310CD2D = {
			isa = XCConfigurationList;
			buildConfigurations = (
				8377F60342704192A6C9168B,
				D6E038FB1275ED484FD56BBD,
			);
			defaultConfigurationIsVisible = 0;
			defaultConfigurationName = Debug;
		};
/* End XCConfigurationList section */
	};
	rootObject = 82186EB39E6AC0F6C5D86499 /* Project object */;
}
